
Microsoft Visual Studio Solution File, Format Version 12.00
# Visual Studio Version 16
VisualStudioVersion = 16.0.31624.102
MinimumVisualStudioVersion = 10.0.40219.1
Project("{FAE04EC0-301F-11D3-BF4B-00C04F79EFBC}") = "OPA.RuleEngine.Model", "..\OPA.RuleEngine.Model\OPA.RuleEngine.Model.csproj", "{E59BDF15-4E2A-4089-8071-9D409F30BE53}"
EndProject
Project("{FAE04EC0-301F-11D3-BF4B-00C04F79EFBC}") = "OPA.RuleEngine.Business", "..\OPA.RuleEngine.Business\OPA.RuleEngine.Business.csproj", "{DF1384E4-0290-4D54-81EA-39D4DA9FDBB2}"
EndProject
Project("{FAE04EC0-301F-11D3-BF4B-00C04F79EFBC}") = "OPA.RuleEngine.DataAccess", "..\OPA.RuleEngine.DataAccess\OPA.RuleEngine.DataAccess.csproj", "{6A6E6484-0202-4606-A51E-78CB5B24C208}"
EndProject
Project("{FAE04EC0-301F-11D3-BF4B-00C04F79EFBC}") = "OPA.RuleEngine.Tests", "..\OPA.RuleEngine.Tests\OPA.RuleEngine.Tests.csproj", "{A7364B0C-1778-4726-8ABF-12AE136D94C9}"
EndProject
Project("{FAE04EC0-301F-11D3-BF4B-00C04F79EFBC}") = "OPA.RuleEngine.Factory", "..\OPA.RuleEngine.Factory\OPA.RuleEngine.Factory.csproj", "{2EE35300-5DD6-4364-958D-3CD43661E163}"
EndProject
Project("{FAE04EC0-301F-11D3-BF4B-00C04F79EFBC}") = "OPA.RuleEngine.UI", "..\OPA.RuleEngine.UI\OPA.RuleEngine.UI.csproj", "{C2705739-063B-4B25-8AF1-24B614881C75}"
EndProject
Global
	GlobalSection(SolutionConfigurationPlatforms) = preSolution
		Debug|Any CPU = Debug|Any CPU
		Release|Any CPU = Release|Any CPU
	EndGlobalSection
	GlobalSection(ProjectConfigurationPlatforms) = postSolution
		{E59BDF15-4E2A-4089-8071-9D409F30BE53}.Debug|Any CPU.ActiveCfg = Debug|Any CPU
		{E59BDF15-4E2A-4089-8071-9D409F30BE53}.Debug|Any CPU.Build.0 = Debug|Any CPU
		{E59BDF15-4E2A-4089-8071-9D409F30BE53}.Release|Any CPU.ActiveCfg = Release|Any CPU
		{E59BDF15-4E2A-4089-8071-9D409F30BE53}.Release|Any CPU.Build.0 = Release|Any CPU
		{DF1384E4-0290-4D54-81EA-39D4DA9FDBB2}.Debug|Any CPU.ActiveCfg = Debug|Any CPU
		{DF1384E4-0290-4D54-81EA-39D4DA9FDBB2}.Debug|Any CPU.Build.0 = Debug|Any CPU
		{DF1384E4-0290-4D54-81EA-39D4DA9FDBB2}.Release|Any CPU.ActiveCfg = Release|Any CPU
		{DF1384E4-0290-4D54-81EA-39D4DA9FDBB2}.Release|Any CPU.Build.0 = Release|Any CPU
		{6A6E6484-0202-4606-A51E-78CB5B24C208}.Debug|Any CPU.ActiveCfg = Debug|Any CPU
		{6A6E6484-0202-4606-A51E-78CB5B24C208}.Debug|Any CPU.Build.0 = Debug|Any CPU
		{6A6E6484-0202-4606-A51E-78CB5B24C208}.Release|Any CPU.ActiveCfg = Release|Any CPU
		{6A6E6484-0202-4606-A51E-78CB5B24C208}.Release|Any CPU.Build.0 = Release|Any CPU
		{A7364B0C-1778-4726-8ABF-12AE136D94C9}.Debug|Any CPU.ActiveCfg = Debug|Any CPU
		{A7364B0C-1778-4726-8ABF-12AE136D94C9}.Debug|Any CPU.Build.0 = Debug|Any CPU
		{A7364B0C-1778-4726-8ABF-12AE136D94C9}.Release|Any CPU.ActiveCfg = Release|Any CPU
		{A7364B0C-1778-4726-8ABF-12AE136D94C9}.Release|Any CPU.Build.0 = Release|Any CPU
		{2EE35300-5DD6-4364-958D-3CD43661E163}.Debug|Any CPU.ActiveCfg = Debug|Any CPU
		{2EE35300-5DD6-4364-958D-3CD43661E163}.Debug|Any CPU.Build.0 = Debug|Any CPU
		{2EE35300-5DD6-4364-958D-3CD43661E163}.Release|Any CPU.ActiveCfg = Release|Any CPU
		{2EE35300-5DD6-4364-958D-3CD43661E163}.Release|Any CPU.Build.0 = Release|Any CPU
		{C2705739-063B-4B25-8AF1-24B614881C75}.Debug|Any CPU.ActiveCfg = Debug|Any CPU
		{C2705739-063B-4B25-8AF1-24B614881C75}.Debug|Any CPU.Build.0 = Debug|Any CPU
		{C2705739-063B-4B25-8AF1-24B614881C75}.Release|Any CPU.ActiveCfg = Release|Any CPU
		{C2705739-063B-4B25-8AF1-24B614881C75}.Release|Any CPU.Build.0 = Release|Any CPU
	EndGlobalSection
	GlobalSection(SolutionProperties) = preSolution
		HideSolutionNode = FALSE
	EndGlobalSection
	GlobalSection(ExtensibilityGlobals) = postSolution
		SolutionGuid = {4030C612-89FC-42D2-9BF0-B35734340AE7}
	EndGlobalSection
EndGlobal
